// !$*UTF8*$!
{
	archiveVersion = 1;
	classes = {
	};
	objectVersion = 46;
	objects = {

/* Begin PBXBuildFile section */
		E6E8B8E31A77FC5600FDF235 /* PYImageKit.h in CopyFiles */ = {isa = PBXBuildFile; fileRef = E6E8B8E21A77FC5600FDF235 /* PYImageKit.h */; };
		E6E8B8E51A77FC5600FDF235 /* PYImageKit.m in Sources */ = {isa = PBXBuildFile; fileRef = E6E8B8E41A77FC5600FDF235 /* PYImageKit.m */; };
/* End PBXBuildFile section */

/* Begin PBXCopyFilesBuildPhase section */
		E6E8B8DD1A77FC5600FDF235 /* CopyFiles */ = {
			isa = PBXCopyFilesBuildPhase;
			buildActionMask = 2147483647;
			dstPath = "include/$(PRODUCT_NAME)";
			dstSubfolderSpec = 16;
			files = (
				E6E8B8E31A77FC5600FDF235 /* PYImageKit.h in CopyFiles */,
			);
			runOnlyForDeploymentPostprocessing = 0;
		};
/* End PBXCopyFilesBuildPhase section */

/* Begin PBXFileReference section */
		E6E8B8DF1A77FC5600FDF235 /* libPYImageKit.a */ = {isa = PBXFileReference; explicitFileType = archive.ar; includeInIndex = 0; path = libPYImageKit.a; sourceTree = BUILT_PRODUCTS_DIR; };
		E6E8B8E21A77FC5600FDF235 /* PYImageKit.h */ = {isa = PBXFileReference; lastKnownFileType = sourcecode.c.h; path = PYImageKit.h; sourceTree = "<group>"; };
		E6E8B8E41A77FC5600FDF235 /* PYImageKit.m */ = {isa = PBXFileReference; lastKnownFileType = sourcecode.c.objc; path = PYImageKit.m; sourceTree = "<group>"; };
/* End PBXFileReference section */

/* Begin PBXFrameworksBuildPhase section */
		E6E8B8DC1A77FC5600FDF235 /* Frameworks */ = {
			isa = PBXFrameworksBuildPhase;
			buildActionMask = 2147483647;
			files = (
			);
			runOnlyForDeploymentPostprocessing = 0;
		};
/* End PBXFrameworksBuildPhase section */

/* Begin PBXGroup section */
		E6E8B8D61A77FC5600FDF235 = {
			isa = PBXGroup;
			children = (
				E6E8B8E11A77FC5600FDF235 /* PYImageKit */,
				E6E8B8E01A77FC5600FDF235 /* Products */,
			);
			sourceTree = "<group>";
		};
		E6E8B8E01A77FC5600FDF235 /* Products */ = {
			isa = PBXGroup;
			children = (
				E6E8B8DF1A77FC5600FDF235 /* libPYImageKit.a */,
			);
			name = Products;
			sourceTree = "<group>";
		};
		E6E8B8E11A77FC5600FDF235 /* PYImageKit */ = {
			isa = PBXGroup;
			children = (
				E6E8B8E21A77FC5600FDF235 /* PYImageKit.h */,
				E6E8B8E41A77FC5600FDF235 /* PYImageKit.m */,
			);
			path = PYImageKit;
			sourceTree = "<group>";
		};
/* End PBXGroup section */

/* Begin PBXNativeTarget section */
		E6E8B8DE1A77FC5600FDF235 /* PYImageKit */ = {
			isa = PBXNativeTarget;
			buildConfigurationList = E6E8B8F31A77FC5600FDF235 /* Build configuration list for PBXNativeTarget "PYImageKit" */;
			buildPhases = (
				E6E8B8DB1A77FC5600FDF235 /* Sources */,
				E6E8B8DC1A77FC5600FDF235 /* Frameworks */,
				E6E8B8DD1A77FC5600FDF235 /* CopyFiles */,
			);
			buildRules = (
			);
			dependencies = (
			);
			name = PYImageKit;
			productName = PYImageKit;
			productReference = E6E8B8DF1A77FC5600FDF235 /* libPYImageKit.a */;
			productType = "com.apple.product-type.library.static";
		};
/* End PBXNativeTarget section */

/* Begin PBXProject section */
		E6E8B8D71A77FC5600FDF235 /* Project object */ = {
			isa = PBXProject;
			attributes = {
				LastUpgradeCheck = 0610;
				ORGANIZATIONNAME = "Push Lab";
				TargetAttributes = {
					E6E8B8DE1A77FC5600FDF235 = {
						CreatedOnToolsVersion = 6.1.1;
					};
				};
			};
			buildConfigurationList = E6E8B8DA1A77FC5600FDF235 /* Build configuration list for PBXProject "PYImageKit" */;
			compatibilityVersion = "Xcode 3.2";
			developmentRegion = English;
			hasScannedForEncodings = 0;
			knownRegions = (
				en,
			);
			mainGroup = E6E8B8D61A77FC5600FDF235;
			productRefGroup = E6E8B8E01A77FC5600FDF235 /* Products */;
			projectDirPath = "";
			projectRoot = "";
			targets = (
				E6E8B8DE1A77FC5600FDF235 /* PYImageKit */,
			);
		};
/* End PBXProject section */

/* Begin PBXSourcesBuildPhase section */
		E6E8B8DB1A77FC5600FDF235 /* Sources */ = {
			isa = PBXSourcesBuildPhase;
			buildActionMask = 2147483647;
			files = (
				E6E8B8E51A77FC5600FDF235 /* PYImageKit.m in Sources */,
			);
			runOnlyForDeploymentPostprocessing = 0;
		};
/* End PBXSourcesBuildPhase section */

/* Begin XCBuildConfiguration section */
		E6E8B8F11A77FC5600FDF235 /* Debug */ = {
			isa = XCBuildConfiguration;
			buildSettings = {
				ALWAYS_SEARCH_USER_PATHS = NO;
				CLANG_CXX_LANGUAGE_STANDARD = "gnu++0x";
				CLANG_CXX_LIBRARY = "libc++";
				CLANG_ENABLE_MODULES = YES;
				CLANG_ENABLE_OBJC_ARC = YES;
				CLANG_WARN_BOOL_CONVERSION = YES;
				CLANG_WARN_CONSTANT_CONVERSION = YES;
				CLANG_WARN_DIRECT_OBJC_ISA_USAGE = YES_ERROR;
				CLANG_WARN_EMPTY_BODY = YES;
				CLANG_WARN_ENUM_CONVERSION = YES;
				CLANG_WARN_INT_CONVERSION = YES;
				CLANG_WARN_OBJC_ROOT_CLASS = YES_ERROR;
				CLANG_WARN_UNREACHABLE_CODE = YES;
				CLANG_WARN__DUPLICATE_METHOD_MATCH = YES;
				COPY_PHASE_STRIP = NO;
				ENABLE_STRICT_OBJC_MSGSEND = YES;
				GCC_C_LANGUAGE_STANDARD = gnu99;
				GCC_DYNAMIC_NO_PIC = NO;
				GCC_OPTIMIZATION_LEVEL = 0;
				GCC_PREPROCESSOR_DEFINITIONS = (
					"DEBUG=1",
					"$(inherited)",
				);
				GCC_SYMBOLS_PRIVATE_EXTERN = NO;
				GCC_WARN_64_TO_32_BIT_CONVERSION = YES;
				GCC_WARN_ABOUT_RETURN_TYPE = YES_ERROR;
				GCC_WARN_UNDECLARED_SELECTOR = YES;
				GCC_WARN_UNINITIALIZED_AUTOS = YES_AGGRESSIVE;
				GCC_WARN_UNUSED_FUNCTION = YES;
				GCC_WARN_UNUSED_VARIABLE = YES;
				IPHONEOS_DEPLOYMENT_TARGET = 8.1;
				MTL_ENABLE_DEBUG_INFO = YES;
				ONLY_ACTIVE_ARCH = YES;
				SDKROOT = iphoneos;
			};
			name = Debug;
		};
		E6E8B8F21A77FC5600FDF235 /* Release */ = {
			isa = XCBuildConfiguration;
			buildSettings = {
				ALWAYS_SEARCH_USER_PATHS = NO;
				CLANG_CXX_LANGUAGE_STANDARD = "gnu++0x";
				CLANG_CXX_LIBRARY = "libc++";
				CLANG_ENABLE_MODULES = YES;
				CLANG_ENABLE_OBJC_ARC = YES;
				CLANG_WARN_BOOL_CONVERSION = YES;
				CLANG_WARN_CONSTANT_CONVERSION = YES;
				CLANG_WARN_DIRECT_OBJC_ISA_USAGE = YES_ERROR;
				CLANG_WARN_EMPTY_BODY = YES;
				CLANG_WARN_ENUM_CONVERSION = YES;
				CLANG_WARN_INT_CONVERSION = YES;
				CLANG_WARN_OBJC_ROOT_CLASS = YES_ERROR;
				CLANG_WARN_UNREACHABLE_CODE = YES;
				CLANG_WARN__DUPLICATE_METHOD_MATCH = YES;
				COPY_PHASE_STRIP = YES;
				ENABLE_NS_ASSERTIONS = NO;
				ENABLE_STRICT_OBJC_MSGSEND = YES;
				GCC_C_LANGUAGE_STANDARD = gnu99;
				GCC_WARN_64_TO_32_BIT_CONVERSION = YES;
				GCC_WARN_ABOUT_RETURN_TYPE = YES_ERROR;
				GCC_WARN_UNDECLARED_SELECTOR = YES;
				GCC_WARN_UNINITIALIZED_AUTOS = YES_AGGRESSIVE;
				GCC_WARN_UNUSED_FUNCTION = YES;
				GCC_WARN_UNUSED_VARIABLE = YES;
				IPHONEOS_DEPLOYMENT_TARGET = 8.1;
				MTL_ENABLE_DEBUG_INFO = NO;
				SDKROOT = iphoneos;
				VALIDATE_PRODUCT = YES;
			};
			name = Release;
		};
		E6E8B8F41A77FC5600FDF235 /* Debug */ = {
			isa = XCBuildConfiguration;
			buildSettings = {
				OTHER_LDFLAGS = "-ObjC";
				PRODUCT_NAME = "$(TARGET_NAME)";
				SKIP_INSTALL = YES;
			};
			name = Debug;
		};
		E6E8B8F51A77FC5600FDF235 /* Release */ = {
			isa = XCBuildConfiguration;
			buildSettings = {
				OTHER_LDFLAGS = "-ObjC";
				PRODUCT_NAME = "$(TARGET_NAME)";
				SKIP_INSTALL = YES;
			};
			name = Release;
		};
/* End XCBuildConfiguration section */

/* Begin XCConfigurationList section */
		E6E8B8DA1A77FC5600FDF235 /* Build configuration list for PBXProject "PYImageKit" */ = {
			isa = XCConfigurationList;
			buildConfigurations = (
				E6E8B8F11A77FC5600FDF235 /* Debug */,
				E6E8B8F21A77FC5600FDF235 /* Release */,
			);
			defaultConfigurationIsVisible = 0;
			defaultConfigurationName = Release;
		};
		E6E8B8F31A77FC5600FDF235 /* Build configuration list for PBXNativeTarget "PYImageKit" */ = {
			isa = XCConfigurationList;
			buildConfigurations = (
				E6E8B8F41A77FC5600FDF235 /* Debug */,
				E6E8B8F51A77FC5600FDF235 /* Release */,
			);
			defaultConfigurationIsVisible = 0;
			defaultConfigurationName = Release;
		};
/* End XCConfigurationList section */
	};
	rootObject = E6E8B8D71A77FC5600FDF235 /* Project object */;
}
